{
    "name": "syntaxvoid-impact",
    "version": "0.2.0",
    "lockfileVersion": 3,
    "requires": true,
    "packages": {
        "": {
            "name": "syntaxvoid-impact",
            "version": "0.2.0",
            "devDependencies": {
                "syntaxvoid-ui-kit": "file:../syntaxvoid-ui-kit"
            },
            "engines": {
                "atom": ">=1.0.0 <2.0.0"
            }
        },
        "../syntaxvoid-ui-kit": {
            "version": "0.1.0",
            "dev": true,
            "devDependencies": {
                "@types/node": "^14.0.0",
                "typescript": "^5.0.0"
            },
            "engines": {
                "atom": ">=1.0.0 <2.0.0"
            }
        },
        "node_modules/syntaxvoid-ui-kit": {
            "resolved": "../syntaxvoid-ui-kit",
            "link": true
        }
    }
}
